
Microsoft Visual Studio Solution File, Format Version 12.00
# Visual Studio Version 17
VisualStudioVersion = 17.11.35431.28
MinimumVisualStudioVersion = 10.0.40219.1
Project("{8BC9CEB8-8B4A-11D0-8D11-00A0C91BC942}") = "Project3_11_23", "Project3_11_23\Project3_11_23.vcxproj", "{63A8CBF3-41E8-4AC7-AF6A-B97DDDFF21D2}"
EndProject
Global
	GlobalSection(SolutionConfigurationPlatforms) = preSolution
		Debug|x64 = Debug|x64
		Debug|x86 = Debug|x86
		Release|x64 = Release|x64
		Release|x86 = Release|x86
	EndGlobalSection
	GlobalSection(ProjectConfigurationPlatforms) = postSolution
		{63A8CBF3-41E8-4AC7-AF6A-B97DDDFF21D2}.Debug|x64.ActiveCfg = Debug|x64
		{63A8CBF3-41E8-4AC7-AF6A-B97DDDFF21D2}.Debug|x64.Build.0 = Debug|x64
		{63A8CBF3-41E8-4AC7-AF6A-B97DDDFF21D2}.Debug|x86.ActiveCfg = Debug|Win32
		{63A8CBF3-41E8-4AC7-AF6A-B97DDDFF21D2}.Debug|x86.Build.0 = Debug|Win32
		{63A8CBF3-41E8-4AC7-AF6A-B97DDDFF21D2}.Release|x64.ActiveCfg = Release|x64
		{63A8CBF3-41E8-4AC7-AF6A-B97DDDFF21D2}.Release|x64.Build.0 = Release|x64
		{63A8CBF3-41E8-4AC7-AF6A-B97DDDFF21D2}.Release|x86.ActiveCfg = Release|Win32
		{63A8CBF3-41E8-4AC7-AF6A-B97DDDFF21D2}.Release|x86.Build.0 = Release|Win32
	EndGlobalSection
	GlobalSection(SolutionProperties) = preSolution
		HideSolutionNode = FALSE
	EndGlobalSection
	GlobalSection(ExtensibilityGlobals) = postSolution
		SolutionGuid = {50DDBC8F-999C-4E9B-B2E1-3ACED553B1A2}
	EndGlobalSection
EndGlobal
