<?xml version="1.0" encoding="utf-8"?>
<Project ToolsVersion="4.0" xmlns="http://schemas.microsoft.com/developer/msbuild/2003">
  <ItemGroup>
    <Filter Include="源文件">
      <UniqueIdentifier>{4FC737F1-C7A5-4376-A066-2A32D752A2FF}</UniqueIdentifier>
      <Extensions>cpp;c;cc;cxx;c++;cppm;ixx;def;odl;idl;hpj;bat;asm;asmx</Extensions>
    </Filter>
    <Filter Include="头文件">
      <UniqueIdentifier>{93995380-89BD-4b04-88EB-625FBE52EBFB}</UniqueIdentifier>
      <Extensions>h;hh;hpp;hxx;h++;hm;inl;inc;ipp;xsd</Extensions>
    </Filter>
    <Filter Include="资源文件">
      <UniqueIdentifier>{67DA6AB6-F800-4c08-8B7A-83BB121AAD01}</UniqueIdentifier>
      <Extensions>rc;ico;cur;bmp;dlg;rc2;rct;bin;rgs;gif;jpg;jpeg;jpe;resx;tiff;tif;png;wav;mfcribbon-ms</Extensions>
    </Filter>
    <Filter Include="头文件\EasyxTools">
      <UniqueIdentifier>{12c1ff7d-7fa1-4634-afb7-00032e2ab417}</UniqueIdentifier>
    </Filter>
    <Filter Include="源文件\EasyxTools">
      <UniqueIdentifier>{452d4729-b8fd-41d3-b2f1-404347e420c9}</UniqueIdentifier>
    </Filter>
  </ItemGroup>
  <ItemGroup>
    <ClCompile Include="陶瓷文化管理系统.cpp">
      <Filter>源文件</Filter>
    </ClCompile>
    <ClCompile Include="Management.cpp">
      <Filter>源文件</Filter>
    </ClCompile>
    <ClCompile Include="Window.cpp">
      <Filter>源文件\EasyxTools</Filter>
    </ClCompile>
    <ClCompile Include="BasicWidget.cpp">
      <Filter>源文件\EasyxTools</Filter>
    </ClCompile>
    <ClCompile Include="PushButton.cpp">
      <Filter>源文件\EasyxTools</Filter>
    </ClCompile>
    <ClCompile Include="Table.cpp">
      <Filter>源文件\EasyxTools</Filter>
    </ClCompile>
    <ClCompile Include="LineEdit.cpp">
      <Filter>源文件\EasyxTools</Filter>
    </ClCompile>
    <ClCompile Include="USER.cpp">
      <Filter>源文件</Filter>
    </ClCompile>
    <ClCompile Include="gui.cpp">
      <Filter>源文件</Filter>
    </ClCompile>
    <ClCompile Include="gui_simple.cpp">
      <Filter>源文件</Filter>
    </ClCompile>
  </ItemGroup>
  <ItemGroup>
    <ClInclude Include="Management.h">
      <Filter>头文件</Filter>
    </ClInclude>
    <ClInclude Include="Configure.h">
      <Filter>头文件\EasyxTools</Filter>
    </ClInclude>
    <ClInclude Include="Window.h">
      <Filter>头文件\EasyxTools</Filter>
    </ClInclude>
    <ClInclude Include="BasicWidget.h">
      <Filter>头文件\EasyxTools</Filter>
    </ClInclude>
    <ClInclude Include="PushButton.h">
      <Filter>头文件\EasyxTools</Filter>
    </ClInclude>
    <ClInclude Include="Table.h">
      <Filter>头文件\EasyxTools</Filter>
    </ClInclude>
    <ClInclude Include="LineEdit.h">
      <Filter>头文件\EasyxTools</Filter>
    </ClInclude>
    <ClInclude Include="USER.h">
      <Filter>头文件</Filter>
    </ClInclude>
    <ClInclude Include="gui.h">
      <Filter>头文件</Filter>
    </ClInclude>
    <ClInclude Include="gui_simple.h">
      <Filter>头文件</Filter>
    </ClInclude>
  </ItemGroup>
</Project>