
Microsoft Visual Studio Solution File, Format Version 12.00
# Visual Studio Version 17
VisualStudioVersion = 17.11.35327.3
MinimumVisualStudioVersion = 10.0.40219.1
Project("{8BC9CEB8-8B4A-11D0-8D11-00A0C91BC942}") = "easyX", "easyX\easyX.vcxproj", "{32094FA8-3337-4D81-BC9B-81D5292FBC05}"
EndProject
Global
	GlobalSection(SolutionConfigurationPlatforms) = preSolution
		Debug|x64 = Debug|x64
		Debug|x86 = Debug|x86
		Release|x64 = Release|x64
		Release|x86 = Release|x86
	EndGlobalSection
	GlobalSection(ProjectConfigurationPlatforms) = postSolution
		{32094FA8-3337-4D81-BC9B-81D5292FBC05}.Debug|x64.ActiveCfg = Debug|x64
		{32094FA8-3337-4D81-BC9B-81D5292FBC05}.Debug|x64.Build.0 = Debug|x64
		{32094FA8-3337-4D81-BC9B-81D5292FBC05}.Debug|x86.ActiveCfg = Debug|Win32
		{32094FA8-3337-4D81-BC9B-81D5292FBC05}.Debug|x86.Build.0 = Debug|Win32
		{32094FA8-3337-4D81-BC9B-81D5292FBC05}.Release|x64.ActiveCfg = Release|x64
		{32094FA8-3337-4D81-BC9B-81D5292FBC05}.Release|x64.Build.0 = Release|x64
		{32094FA8-3337-4D81-BC9B-81D5292FBC05}.Release|x86.ActiveCfg = Release|Win32
		{32094FA8-3337-4D81-BC9B-81D5292FBC05}.Release|x86.Build.0 = Release|Win32
	EndGlobalSection
	GlobalSection(SolutionProperties) = preSolution
		HideSolutionNode = FALSE
	EndGlobalSection
	GlobalSection(ExtensibilityGlobals) = postSolution
		SolutionGuid = {F1D1E98E-0060-4A58-8080-049EB0E1BFD4}
	EndGlobalSection
EndGlobal
