
Microsoft Visual Studio Solution File, Format Version 12.00
# Visual Studio Version 17
VisualStudioVersion = 17.11.35327.3
MinimumVisualStudioVersion = 10.0.40219.1
Project("{8BC9CEB8-8B4A-11D0-8D11-00A0C91BC942}") = "Project3_10_27_5", "Project3_10_27_5\Project3_10_27_5.vcxproj", "{B8D66183-2B18-4C54-BD1E-FE5964D8DFF3}"
EndProject
Global
	GlobalSection(SolutionConfigurationPlatforms) = preSolution
		Debug|x64 = Debug|x64
		Debug|x86 = Debug|x86
		Release|x64 = Release|x64
		Release|x86 = Release|x86
	EndGlobalSection
	GlobalSection(ProjectConfigurationPlatforms) = postSolution
		{B8D66183-2B18-4C54-BD1E-FE5964D8DFF3}.Debug|x64.ActiveCfg = Debug|x64
		{B8D66183-2B18-4C54-BD1E-FE5964D8DFF3}.Debug|x64.Build.0 = Debug|x64
		{B8D66183-2B18-4C54-BD1E-FE5964D8DFF3}.Debug|x86.ActiveCfg = Debug|Win32
		{B8D66183-2B18-4C54-BD1E-FE5964D8DFF3}.Debug|x86.Build.0 = Debug|Win32
		{B8D66183-2B18-4C54-BD1E-FE5964D8DFF3}.Release|x64.ActiveCfg = Release|x64
		{B8D66183-2B18-4C54-BD1E-FE5964D8DFF3}.Release|x64.Build.0 = Release|x64
		{B8D66183-2B18-4C54-BD1E-FE5964D8DFF3}.Release|x86.ActiveCfg = Release|Win32
		{B8D66183-2B18-4C54-BD1E-FE5964D8DFF3}.Release|x86.Build.0 = Release|Win32
	EndGlobalSection
	GlobalSection(SolutionProperties) = preSolution
		HideSolutionNode = FALSE
	EndGlobalSection
	GlobalSection(ExtensibilityGlobals) = postSolution
		SolutionGuid = {76240971-104F-43D6-899E-B167EC8A722C}
	EndGlobalSection
EndGlobal
